
Microsoft Visual Studio Solution File, Format Version 12.00
# Visual Studio Version 17
VisualStudioVersion = 17.7.34202.233
MinimumVisualStudioVersion = 10.0.40219.1
Project("{FAE04EC0-301F-11D3-BF4B-00C04F79EFBC}") = "alexander_cuartas_emociones_parcial_2", "alexander_cuartas_emociones_parcial_2.csproj", "{A0394A4D-0C55-477D-A389-FB3005641FC3}"
EndProject
Global
	GlobalSection(SolutionConfigurationPlatforms) = preSolution
		Debug|Any CPU = Debug|Any CPU
		Release|Any CPU = Release|Any CPU
	EndGlobalSection
	GlobalSection(ProjectConfigurationPlatforms) = postSolution
		{A0394A4D-0C55-477D-A389-FB3005641FC3}.Debug|Any CPU.ActiveCfg = Debug|Any CPU
		{A0394A4D-0C55-477D-A389-FB3005641FC3}.Debug|Any CPU.Build.0 = Debug|Any CPU
		{A0394A4D-0C55-477D-A389-FB3005641FC3}.Release|Any CPU.ActiveCfg = Release|Any CPU
		{A0394A4D-0C55-477D-A389-FB3005641FC3}.Release|Any CPU.Build.0 = Release|Any CPU
	EndGlobalSection
	GlobalSection(SolutionProperties) = preSolution
		HideSolutionNode = FALSE
	EndGlobalSection
	GlobalSection(ExtensibilityGlobals) = postSolution
		SolutionGuid = {78F2A60F-564B-4801-8F52-24A2C66F7233}
	EndGlobalSection
EndGlobal
